
Microsoft Visual Studio Solution File, Format Version 12.00
# Visual Studio Version 17
VisualStudioVersion = 17.2.32519.379
MinimumVisualStudioVersion = 10.0.40219.1
Project("{FAE04EC0-301F-11D3-BF4B-00C04F79EFBC}") = "L040_Interfaces_Polymophism", "L040_Interfaces_Polymophism\L040_Interfaces_Polymophism.csproj", "{82914D56-C34C-458E-9E8A-1D3E6F9F02F6}"
EndProject
Project("{2150E333-8FDC-42A3-9474-1A3956D46DE8}") = "Tests", "Tests", "{4F44AB3A-F2B3-43F9-A0D1-83D3CC367E11}"
EndProject
Project("{FAE04EC0-301F-11D3-BF4B-00C04F79EFBC}") = "L040_Interfaces_Polymophism_Tests1", "L040_Interfaces_Polymophism_Tests1\L040_Interfaces_Polymophism_Tests1.csproj", "{A01AE909-FEB7-48F9-B5DB-6E2BC2D1761D}"
EndProject
Global
	GlobalSection(SolutionConfigurationPlatforms) = preSolution
		Debug|Any CPU = Debug|Any CPU
		Release|Any CPU = Release|Any CPU
	EndGlobalSection
	GlobalSection(ProjectConfigurationPlatforms) = postSolution
		{82914D56-C34C-458E-9E8A-1D3E6F9F02F6}.Debug|Any CPU.ActiveCfg = Debug|Any CPU
		{82914D56-C34C-458E-9E8A-1D3E6F9F02F6}.Debug|Any CPU.Build.0 = Debug|Any CPU
		{82914D56-C34C-458E-9E8A-1D3E6F9F02F6}.Release|Any CPU.ActiveCfg = Release|Any CPU
		{82914D56-C34C-458E-9E8A-1D3E6F9F02F6}.Release|Any CPU.Build.0 = Release|Any CPU
		{A01AE909-FEB7-48F9-B5DB-6E2BC2D1761D}.Debug|Any CPU.ActiveCfg = Debug|Any CPU
		{A01AE909-FEB7-48F9-B5DB-6E2BC2D1761D}.Debug|Any CPU.Build.0 = Debug|Any CPU
		{A01AE909-FEB7-48F9-B5DB-6E2BC2D1761D}.Release|Any CPU.ActiveCfg = Release|Any CPU
		{A01AE909-FEB7-48F9-B5DB-6E2BC2D1761D}.Release|Any CPU.Build.0 = Release|Any CPU
	EndGlobalSection
	GlobalSection(SolutionProperties) = preSolution
		HideSolutionNode = FALSE
	EndGlobalSection
	GlobalSection(NestedProjects) = preSolution
		{A01AE909-FEB7-48F9-B5DB-6E2BC2D1761D} = {4F44AB3A-F2B3-43F9-A0D1-83D3CC367E11}
	EndGlobalSection
	GlobalSection(ExtensibilityGlobals) = postSolution
		SolutionGuid = {3E649700-9A7E-428D-BF23-2994D3BF2575}
	EndGlobalSection
EndGlobal
