
Microsoft Visual Studio Solution File, Format Version 12.00
# Visual Studio Version 17
VisualStudioVersion = 17.2.32519.379
MinimumVisualStudioVersion = 10.0.40219.1
Project("{FAE04EC0-301F-11D3-BF4B-00C04F79EFBC}") = "L057_Db_TransactionChangeTracking", "L057_Db_TransactionChangeTracking\L057_Db_TransactionChangeTracking.csproj", "{735403C9-9484-4E20-8F88-5E8EAD8664F5}"
EndProject
Global
	GlobalSection(SolutionConfigurationPlatforms) = preSolution
		Debug|Any CPU = Debug|Any CPU
		Release|Any CPU = Release|Any CPU
	EndGlobalSection
	GlobalSection(ProjectConfigurationPlatforms) = postSolution
		{735403C9-9484-4E20-8F88-5E8EAD8664F5}.Debug|Any CPU.ActiveCfg = Debug|Any CPU
		{735403C9-9484-4E20-8F88-5E8EAD8664F5}.Debug|Any CPU.Build.0 = Debug|Any CPU
		{735403C9-9484-4E20-8F88-5E8EAD8664F5}.Release|Any CPU.ActiveCfg = Release|Any CPU
		{735403C9-9484-4E20-8F88-5E8EAD8664F5}.Release|Any CPU.Build.0 = Release|Any CPU
	EndGlobalSection
	GlobalSection(SolutionProperties) = preSolution
		HideSolutionNode = FALSE
	EndGlobalSection
	GlobalSection(ExtensibilityGlobals) = postSolution
		SolutionGuid = {D0A3CACA-79A6-4134-9E0A-55C7CAC9CE39}
	EndGlobalSection
EndGlobal
