
Microsoft Visual Studio Solution File, Format Version 12.00
# Visual Studio Version 17
VisualStudioVersion = 17.2.32519.379
MinimumVisualStudioVersion = 10.0.40219.1
Project("{FAE04EC0-301F-11D3-BF4B-00C04F79EFBC}") = "L038_Practice", "L038_Practice\L038_Practice.csproj", "{BEECC803-1A83-4C59-BE43-48C53636AB95}"
EndProject
Global
	GlobalSection(SolutionConfigurationPlatforms) = preSolution
		Debug|Any CPU = Debug|Any CPU
		Release|Any CPU = Release|Any CPU
	EndGlobalSection
	GlobalSection(ProjectConfigurationPlatforms) = postSolution
		{BEECC803-1A83-4C59-BE43-48C53636AB95}.Debug|Any CPU.ActiveCfg = Debug|Any CPU
		{BEECC803-1A83-4C59-BE43-48C53636AB95}.Debug|Any CPU.Build.0 = Debug|Any CPU
		{BEECC803-1A83-4C59-BE43-48C53636AB95}.Release|Any CPU.ActiveCfg = Release|Any CPU
		{BEECC803-1A83-4C59-BE43-48C53636AB95}.Release|Any CPU.Build.0 = Release|Any CPU
	EndGlobalSection
	GlobalSection(SolutionProperties) = preSolution
		HideSolutionNode = FALSE
	EndGlobalSection
	GlobalSection(ExtensibilityGlobals) = postSolution
		SolutionGuid = {CDB3CF57-B416-4CE7-9790-577F407DEB3A}
	EndGlobalSection
EndGlobal
