
Microsoft Visual Studio Solution File, Format Version 12.00
# Visual Studio Version 17
VisualStudioVersion = 17.3.32929.385
MinimumVisualStudioVersion = 10.0.40219.1
Project("{9A19103F-16F7-4668-BE54-9A1E7A4F7556}") = "ApiMokymai", "ApiMokymai\ApiMokymai.csproj", "{88256C65-9BEC-4D87-8327-2CADFF827F4C}"
EndProject
Project("{9A19103F-16F7-4668-BE54-9A1E7A4F7556}") = "CarApiAiskinimas", "CarApiAiskinimas\CarApiAiskinimas.csproj", "{45FC3070-BC77-4355-B674-66917FBD82C7}"
EndProject
Project("{FAE04EC0-301F-11D3-BF4B-00C04F79EFBC}") = "CarApiAiskinimasTests", "CarApiAiskinimasTests\CarApiAiskinimasTests.csproj", "{DBE054D2-1F86-4E61-BC19-5212DD5BF547}"
EndProject
Project("{2150E333-8FDC-42A3-9474-1A3956D46DE8}") = "tests", "tests", "{02D26AEE-A633-42A4-9EB6-46363D388FAC}"
EndProject
Global
	GlobalSection(SolutionConfigurationPlatforms) = preSolution
		Debug|Any CPU = Debug|Any CPU
		Release|Any CPU = Release|Any CPU
	EndGlobalSection
	GlobalSection(ProjectConfigurationPlatforms) = postSolution
		{88256C65-9BEC-4D87-8327-2CADFF827F4C}.Debug|Any CPU.ActiveCfg = Debug|Any CPU
		{88256C65-9BEC-4D87-8327-2CADFF827F4C}.Debug|Any CPU.Build.0 = Debug|Any CPU
		{88256C65-9BEC-4D87-8327-2CADFF827F4C}.Release|Any CPU.ActiveCfg = Release|Any CPU
		{88256C65-9BEC-4D87-8327-2CADFF827F4C}.Release|Any CPU.Build.0 = Release|Any CPU
		{45FC3070-BC77-4355-B674-66917FBD82C7}.Debug|Any CPU.ActiveCfg = Debug|Any CPU
		{45FC3070-BC77-4355-B674-66917FBD82C7}.Debug|Any CPU.Build.0 = Debug|Any CPU
		{45FC3070-BC77-4355-B674-66917FBD82C7}.Release|Any CPU.ActiveCfg = Release|Any CPU
		{45FC3070-BC77-4355-B674-66917FBD82C7}.Release|Any CPU.Build.0 = Release|Any CPU
		{DBE054D2-1F86-4E61-BC19-5212DD5BF547}.Debug|Any CPU.ActiveCfg = Debug|Any CPU
		{DBE054D2-1F86-4E61-BC19-5212DD5BF547}.Debug|Any CPU.Build.0 = Debug|Any CPU
		{DBE054D2-1F86-4E61-BC19-5212DD5BF547}.Release|Any CPU.ActiveCfg = Release|Any CPU
		{DBE054D2-1F86-4E61-BC19-5212DD5BF547}.Release|Any CPU.Build.0 = Release|Any CPU
	EndGlobalSection
	GlobalSection(SolutionProperties) = preSolution
		HideSolutionNode = FALSE
	EndGlobalSection
	GlobalSection(NestedProjects) = preSolution
		{DBE054D2-1F86-4E61-BC19-5212DD5BF547} = {02D26AEE-A633-42A4-9EB6-46363D388FAC}
	EndGlobalSection
	GlobalSection(ExtensibilityGlobals) = postSolution
		SolutionGuid = {4A44F0C4-B1D3-4D55-BC9C-E5716924895E}
	EndGlobalSection
EndGlobal
