
Microsoft Visual Studio Solution File, Format Version 12.00
# Visual Studio Version 17
VisualStudioVersion = 17.2.32519.379
MinimumVisualStudioVersion = 10.0.40219.1
Project("{FAE04EC0-301F-11D3-BF4B-00C04F79EFBC}") = "Music_eShop", "Music_eShop\Music_eShop.csproj", "{DF8DDC61-E851-4FFA-9833-C73526C8B3EB}"
EndProject
Project("{FAE04EC0-301F-11D3-BF4B-00C04F79EFBC}") = "Music_eShop.Domain", "Music_eShop.Domain\Music_eShop.Domain.csproj", "{1E436374-79E2-4FEC-BAC2-D3321DC0E93E}"
EndProject
Project("{FAE04EC0-301F-11D3-BF4B-00C04F79EFBC}") = "Music_eShop.Infrastructure", "Music_eShop.Infrastructure\Music_eShop.Infrastructure.csproj", "{E28D199A-6FA1-4BE9-9E15-4A50AB55748B}"
EndProject
Global
	GlobalSection(SolutionConfigurationPlatforms) = preSolution
		Debug|Any CPU = Debug|Any CPU
		Release|Any CPU = Release|Any CPU
	EndGlobalSection
	GlobalSection(ProjectConfigurationPlatforms) = postSolution
		{DF8DDC61-E851-4FFA-9833-C73526C8B3EB}.Debug|Any CPU.ActiveCfg = Debug|Any CPU
		{DF8DDC61-E851-4FFA-9833-C73526C8B3EB}.Debug|Any CPU.Build.0 = Debug|Any CPU
		{DF8DDC61-E851-4FFA-9833-C73526C8B3EB}.Release|Any CPU.ActiveCfg = Release|Any CPU
		{DF8DDC61-E851-4FFA-9833-C73526C8B3EB}.Release|Any CPU.Build.0 = Release|Any CPU
		{1E436374-79E2-4FEC-BAC2-D3321DC0E93E}.Debug|Any CPU.ActiveCfg = Debug|Any CPU
		{1E436374-79E2-4FEC-BAC2-D3321DC0E93E}.Debug|Any CPU.Build.0 = Debug|Any CPU
		{1E436374-79E2-4FEC-BAC2-D3321DC0E93E}.Release|Any CPU.ActiveCfg = Release|Any CPU
		{1E436374-79E2-4FEC-BAC2-D3321DC0E93E}.Release|Any CPU.Build.0 = Release|Any CPU
		{E28D199A-6FA1-4BE9-9E15-4A50AB55748B}.Debug|Any CPU.ActiveCfg = Debug|Any CPU
		{E28D199A-6FA1-4BE9-9E15-4A50AB55748B}.Debug|Any CPU.Build.0 = Debug|Any CPU
		{E28D199A-6FA1-4BE9-9E15-4A50AB55748B}.Release|Any CPU.ActiveCfg = Release|Any CPU
		{E28D199A-6FA1-4BE9-9E15-4A50AB55748B}.Release|Any CPU.Build.0 = Release|Any CPU
	EndGlobalSection
	GlobalSection(SolutionProperties) = preSolution
		HideSolutionNode = FALSE
	EndGlobalSection
	GlobalSection(ExtensibilityGlobals) = postSolution
		SolutionGuid = {50DB1F60-5A60-42F5-89E1-A96FDCA9941F}
	EndGlobalSection
EndGlobal
