
Microsoft Visual Studio Solution File, Format Version 12.00
# Visual Studio Version 17
VisualStudioVersion = 17.2.32519.379
MinimumVisualStudioVersion = 10.0.40219.1
Project("{FAE04EC0-301F-11D3-BF4B-00C04F79EFBC}") = "L051_LINQ_Query", "L051_LINQ_Query\L051_LINQ_Query.csproj", "{EDEC0544-34C7-4165-AA5B-273850F88A83}"
EndProject
Global
	GlobalSection(SolutionConfigurationPlatforms) = preSolution
		Debug|Any CPU = Debug|Any CPU
		Release|Any CPU = Release|Any CPU
	EndGlobalSection
	GlobalSection(ProjectConfigurationPlatforms) = postSolution
		{EDEC0544-34C7-4165-AA5B-273850F88A83}.Debug|Any CPU.ActiveCfg = Debug|Any CPU
		{EDEC0544-34C7-4165-AA5B-273850F88A83}.Debug|Any CPU.Build.0 = Debug|Any CPU
		{EDEC0544-34C7-4165-AA5B-273850F88A83}.Release|Any CPU.ActiveCfg = Release|Any CPU
		{EDEC0544-34C7-4165-AA5B-273850F88A83}.Release|Any CPU.Build.0 = Release|Any CPU
	EndGlobalSection
	GlobalSection(SolutionProperties) = preSolution
		HideSolutionNode = FALSE
	EndGlobalSection
	GlobalSection(ExtensibilityGlobals) = postSolution
		SolutionGuid = {5C8ED044-C3BA-4589-BE22-5085E208A290}
	EndGlobalSection
EndGlobal
