
Microsoft Visual Studio Solution File, Format Version 12.00
# Visual Studio Version 17
VisualStudioVersion = 17.2.32519.379
MinimumVisualStudioVersion = 10.0.40219.1
Project("{FAE04EC0-301F-11D3-BF4B-00C04F79EFBC}") = "TowerOfHanoi", "Tower of Hanoi\TowerOfHanoi.csproj", "{51A1FCBD-F390-412B-A9C0-E4DC4F16E761}"
EndProject
Project("{FAE04EC0-301F-11D3-BF4B-00C04F79EFBC}") = "TowerOfHanoi.Domain", "TowerOfHanoi.Domain\TowerOfHanoi.Domain.csproj", "{BA2A70F2-9C1A-4CFE-AF66-6A56A87C2B7D}"
EndProject
Global
	GlobalSection(SolutionConfigurationPlatforms) = preSolution
		Debug|Any CPU = Debug|Any CPU
		Release|Any CPU = Release|Any CPU
	EndGlobalSection
	GlobalSection(ProjectConfigurationPlatforms) = postSolution
		{51A1FCBD-F390-412B-A9C0-E4DC4F16E761}.Debug|Any CPU.ActiveCfg = Debug|Any CPU
		{51A1FCBD-F390-412B-A9C0-E4DC4F16E761}.Debug|Any CPU.Build.0 = Debug|Any CPU
		{51A1FCBD-F390-412B-A9C0-E4DC4F16E761}.Release|Any CPU.ActiveCfg = Release|Any CPU
		{51A1FCBD-F390-412B-A9C0-E4DC4F16E761}.Release|Any CPU.Build.0 = Release|Any CPU
		{BA2A70F2-9C1A-4CFE-AF66-6A56A87C2B7D}.Debug|Any CPU.ActiveCfg = Debug|Any CPU
		{BA2A70F2-9C1A-4CFE-AF66-6A56A87C2B7D}.Debug|Any CPU.Build.0 = Debug|Any CPU
		{BA2A70F2-9C1A-4CFE-AF66-6A56A87C2B7D}.Release|Any CPU.ActiveCfg = Release|Any CPU
		{BA2A70F2-9C1A-4CFE-AF66-6A56A87C2B7D}.Release|Any CPU.Build.0 = Release|Any CPU
	EndGlobalSection
	GlobalSection(SolutionProperties) = preSolution
		HideSolutionNode = FALSE
	EndGlobalSection
	GlobalSection(ExtensibilityGlobals) = postSolution
		SolutionGuid = {4E48ADDB-0223-4B7B-8E59-86322A0EC534}
	EndGlobalSection
EndGlobal
