
Microsoft Visual Studio Solution File, Format Version 12.00
# Visual Studio Version 17
VisualStudioVersion = 17.2.32519.379
MinimumVisualStudioVersion = 10.0.40219.1
Project("{FAE04EC0-301F-11D3-BF4B-00C04F79EFBC}") = "L045_Task5", "L045_Task5\L045_Task5.csproj", "{E8CA1315-0E85-4D96-81C4-6CA60FBB9139}"
EndProject
Global
	GlobalSection(SolutionConfigurationPlatforms) = preSolution
		Debug|Any CPU = Debug|Any CPU
		Release|Any CPU = Release|Any CPU
	EndGlobalSection
	GlobalSection(ProjectConfigurationPlatforms) = postSolution
		{E8CA1315-0E85-4D96-81C4-6CA60FBB9139}.Debug|Any CPU.ActiveCfg = Debug|Any CPU
		{E8CA1315-0E85-4D96-81C4-6CA60FBB9139}.Debug|Any CPU.Build.0 = Debug|Any CPU
		{E8CA1315-0E85-4D96-81C4-6CA60FBB9139}.Release|Any CPU.ActiveCfg = Release|Any CPU
		{E8CA1315-0E85-4D96-81C4-6CA60FBB9139}.Release|Any CPU.Build.0 = Release|Any CPU
	EndGlobalSection
	GlobalSection(SolutionProperties) = preSolution
		HideSolutionNode = FALSE
	EndGlobalSection
	GlobalSection(ExtensibilityGlobals) = postSolution
		SolutionGuid = {CE206FB5-574A-42A6-AD56-19CE9C4841D5}
	EndGlobalSection
EndGlobal
