
Microsoft Visual Studio Solution File, Format Version 12.00
# Visual Studio Version 17
VisualStudioVersion = 17.2.32519.379
MinimumVisualStudioVersion = 10.0.40219.1
Project("{FAE04EC0-301F-11D3-BF4B-00C04F79EFBC}") = "L05_Tasks_MSSQL", "L05_Tasks_MSSQL\L05_Tasks_MSSQL.csproj", "{60CBFEF8-121A-42E6-BF23-F886E96DA284}"
EndProject
Global
	GlobalSection(SolutionConfigurationPlatforms) = preSolution
		Debug|Any CPU = Debug|Any CPU
		Release|Any CPU = Release|Any CPU
	EndGlobalSection
	GlobalSection(ProjectConfigurationPlatforms) = postSolution
		{60CBFEF8-121A-42E6-BF23-F886E96DA284}.Debug|Any CPU.ActiveCfg = Debug|Any CPU
		{60CBFEF8-121A-42E6-BF23-F886E96DA284}.Debug|Any CPU.Build.0 = Debug|Any CPU
		{60CBFEF8-121A-42E6-BF23-F886E96DA284}.Release|Any CPU.ActiveCfg = Release|Any CPU
		{60CBFEF8-121A-42E6-BF23-F886E96DA284}.Release|Any CPU.Build.0 = Release|Any CPU
	EndGlobalSection
	GlobalSection(SolutionProperties) = preSolution
		HideSolutionNode = FALSE
	EndGlobalSection
	GlobalSection(ExtensibilityGlobals) = postSolution
		SolutionGuid = {66F83C05-2ABD-4952-8B50-A37663047C50}
	EndGlobalSection
EndGlobal
