
Microsoft Visual Studio Solution File, Format Version 12.00
# Visual Studio Version 17
VisualStudioVersion = 17.2.32519.379
MinimumVisualStudioVersion = 10.0.40219.1
Project("{FAE04EC0-301F-11D3-BF4B-00C04F79EFBC}") = "L03_Tasks", "L03_Tasks\L03_Tasks.csproj", "{8C987D2D-4488-4C91-8508-4944BC58300A}"
EndProject
Global
	GlobalSection(SolutionConfigurationPlatforms) = preSolution
		Debug|Any CPU = Debug|Any CPU
		Release|Any CPU = Release|Any CPU
	EndGlobalSection
	GlobalSection(ProjectConfigurationPlatforms) = postSolution
		{8C987D2D-4488-4C91-8508-4944BC58300A}.Debug|Any CPU.ActiveCfg = Debug|Any CPU
		{8C987D2D-4488-4C91-8508-4944BC58300A}.Debug|Any CPU.Build.0 = Debug|Any CPU
		{8C987D2D-4488-4C91-8508-4944BC58300A}.Release|Any CPU.ActiveCfg = Release|Any CPU
		{8C987D2D-4488-4C91-8508-4944BC58300A}.Release|Any CPU.Build.0 = Release|Any CPU
	EndGlobalSection
	GlobalSection(SolutionProperties) = preSolution
		HideSolutionNode = FALSE
	EndGlobalSection
	GlobalSection(ExtensibilityGlobals) = postSolution
		SolutionGuid = {192166DD-45E8-4D96-AEF0-307C0B1C3803}
	EndGlobalSection
EndGlobal
