
Microsoft Visual Studio Solution File, Format Version 12.00
# Visual Studio Version 17
VisualStudioVersion = 17.2.32519.379
MinimumVisualStudioVersion = 10.0.40219.1
Project("{9A19103F-16F7-4668-BE54-9A1E7A4F7556}") = "L002 variables", "L002 variables\L002 variables.csproj", "{07366478-4BA9-4BB7-BED5-7FABD96864F8}"
EndProject
Project("{9A19103F-16F7-4668-BE54-9A1E7A4F7556}") = "L002 tasks", "L002 tasks\L002 tasks.csproj", "{B67E099B-0291-4AAC-B43E-BC32FE2F2EAA}"
EndProject
Project("{9A19103F-16F7-4668-BE54-9A1E7A4F7556}") = "L001 console write read", "L001 console write read\L001 console write read.csproj", "{C8E968C6-9FFB-4B27-933A-28EF9BC7549C}"
EndProject
Project("{9A19103F-16F7-4668-BE54-9A1E7A4F7556}") = "L003 variable types", "L003 variable types\L003 variable types.csproj", "{92CB6CE3-D8F6-47CA-8D9D-B538753C0F21}"
EndProject
Project("{9A19103F-16F7-4668-BE54-9A1E7A4F7556}") = "L003 tasks", "L003 tasks\L003 tasks.csproj", "{508E18D0-FA5C-4D31-9E58-7F5BD103360E}"
EndProject
Project("{9A19103F-16F7-4668-BE54-9A1E7A4F7556}") = "L004 type conversion", "L004 type conversion\L004 type conversion.csproj", "{8D975B1A-224C-4999-8ABF-27417D2050AA}"
EndProject
Project("{9A19103F-16F7-4668-BE54-9A1E7A4F7556}") = "L004 math operations", "L004 math operations\L004 math operations.csproj", "{72EFA20B-AEB5-4C9A-912D-CCFDB4C88F93}"
EndProject
Project("{9A19103F-16F7-4668-BE54-9A1E7A4F7556}") = "L004 tasks", "L004 tasks\L004 tasks.csproj", "{FD1BE543-C751-4976-A770-810275ED0DBD}"
EndProject
Project("{9A19103F-16F7-4668-BE54-9A1E7A4F7556}") = "L005 Operators", "L005 Operators\L005 Operators.csproj", "{8032C432-BA7B-4E28-94D7-2C15B467149E}"
EndProject
Project("{9A19103F-16F7-4668-BE54-9A1E7A4F7556}") = "L005 tasks", "L005 tasks\L005 tasks.csproj", "{E63BDE34-5AA5-41AB-AB6F-9BA4BBD59E0D}"
EndProject
Project("{9A19103F-16F7-4668-BE54-9A1E7A4F7556}") = "L006 Logic", "L006 Logic\L006 Logic.csproj", "{BDFD3A74-471F-4EF6-AE93-A213E2C8A34B}"
EndProject
Project("{9A19103F-16F7-4668-BE54-9A1E7A4F7556}") = "L006 tasks", "L006 tasks\L006 tasks.csproj", "{FC177850-BE6A-4584-9614-398E1B48CFA4}"
EndProject
Project("{9A19103F-16F7-4668-BE54-9A1E7A4F7556}") = "L007 if statements", "L007 if statements\L007 if statements.csproj", "{9E457B0D-48CF-458C-B8D7-A1146D72BF5E}"
EndProject
Project("{9A19103F-16F7-4668-BE54-9A1E7A4F7556}") = "L007 tasks", "L007 tasks\L007 tasks.csproj", "{C8D34D91-545C-41D5-BAEB-AC36A969788D}"
EndProject
Project("{9A19103F-16F7-4668-BE54-9A1E7A4F7556}") = "L008 Switch", "L008 Switch\L008 Switch.csproj", "{78599CD7-FD43-4D1E-AC32-DC987037287B}"
EndProject
Project("{9A19103F-16F7-4668-BE54-9A1E7A4F7556}") = "L008 tasks", "L008 tasks\L008 tasks.csproj", "{5014DD64-8577-4947-8F08-F92C91F52A46}"
EndProject
Project("{9A19103F-16F7-4668-BE54-9A1E7A4F7556}") = "L009 String", "L009 String\L009 String.csproj", "{15B30A9D-793C-402B-801F-DCDF2172C6EB}"
EndProject
Project("{9A19103F-16F7-4668-BE54-9A1E7A4F7556}") = "L009 tasks", "L009 tasks\L009 tasks.csproj", "{FD90089E-1745-467F-9400-14210F6C0B99}"
EndProject
Project("{9A19103F-16F7-4668-BE54-9A1E7A4F7556}") = "L010 methods", "L010 methods\L010 methods.csproj", "{DE3413CE-0CAD-446F-92E1-BCB68A0364C4}"
EndProject
Project("{9A19103F-16F7-4668-BE54-9A1E7A4F7556}") = "L010 tasks", "L010 tasks\L010 tasks.csproj", "{91F3DE4E-CFA0-4F4B-8BB2-B65BDF115FF2}"
EndProject
Project("{2150E333-8FDC-42A3-9474-1A3956D46DE8}") = "Tests", "Tests", "{DEFC028F-5410-4817-AF4C-CAE6EE8BA947}"
EndProject
Project("{9A19103F-16F7-4668-BE54-9A1E7A4F7556}") = "L011_Methods_Tests", "P011_Methods_Tests\L011_Methods_Tests.csproj", "{52D6C439-DBF6-46B9-99AA-332818775932}"
EndProject
Project("{9A19103F-16F7-4668-BE54-9A1E7A4F7556}") = "L014 debug", "L014 debug\L014 debug.csproj", "{D26F1190-36FD-41FA-A830-CA2EA0FB2318}"
EndProject
Project("{FAE04EC0-301F-11D3-BF4B-00C04F79EFBC}") = "LP015_Skaiciuotuvas_Tests", "LP015_Skaiciuotuvas_Tests\LP015_Skaiciuotuvas_Tests.csproj", "{16E04CEA-1EBC-443C-B994-95BA4957222D}"
EndProject
Project("{FAE04EC0-301F-11D3-BF4B-00C04F79EFBC}") = "LP015_Skaiciuotuvas", "LP015_Skaiciuotuvas\LP015_Skaiciuotuvas.csproj", "{FC008552-13A5-498A-90CF-283967E9FE4D}"
EndProject
Global
	GlobalSection(SolutionConfigurationPlatforms) = preSolution
		Debug|Any CPU = Debug|Any CPU
		Release|Any CPU = Release|Any CPU
	EndGlobalSection
	GlobalSection(ProjectConfigurationPlatforms) = postSolution
		{07366478-4BA9-4BB7-BED5-7FABD96864F8}.Debug|Any CPU.ActiveCfg = Debug|Any CPU
		{07366478-4BA9-4BB7-BED5-7FABD96864F8}.Debug|Any CPU.Build.0 = Debug|Any CPU
		{07366478-4BA9-4BB7-BED5-7FABD96864F8}.Release|Any CPU.ActiveCfg = Release|Any CPU
		{07366478-4BA9-4BB7-BED5-7FABD96864F8}.Release|Any CPU.Build.0 = Release|Any CPU
		{B67E099B-0291-4AAC-B43E-BC32FE2F2EAA}.Debug|Any CPU.ActiveCfg = Debug|Any CPU
		{B67E099B-0291-4AAC-B43E-BC32FE2F2EAA}.Debug|Any CPU.Build.0 = Debug|Any CPU
		{B67E099B-0291-4AAC-B43E-BC32FE2F2EAA}.Release|Any CPU.ActiveCfg = Release|Any CPU
		{B67E099B-0291-4AAC-B43E-BC32FE2F2EAA}.Release|Any CPU.Build.0 = Release|Any CPU
		{C8E968C6-9FFB-4B27-933A-28EF9BC7549C}.Debug|Any CPU.ActiveCfg = Debug|Any CPU
		{C8E968C6-9FFB-4B27-933A-28EF9BC7549C}.Debug|Any CPU.Build.0 = Debug|Any CPU
		{C8E968C6-9FFB-4B27-933A-28EF9BC7549C}.Release|Any CPU.ActiveCfg = Release|Any CPU
		{C8E968C6-9FFB-4B27-933A-28EF9BC7549C}.Release|Any CPU.Build.0 = Release|Any CPU
		{92CB6CE3-D8F6-47CA-8D9D-B538753C0F21}.Debug|Any CPU.ActiveCfg = Debug|Any CPU
		{92CB6CE3-D8F6-47CA-8D9D-B538753C0F21}.Debug|Any CPU.Build.0 = Debug|Any CPU
		{92CB6CE3-D8F6-47CA-8D9D-B538753C0F21}.Release|Any CPU.ActiveCfg = Release|Any CPU
		{92CB6CE3-D8F6-47CA-8D9D-B538753C0F21}.Release|Any CPU.Build.0 = Release|Any CPU
		{508E18D0-FA5C-4D31-9E58-7F5BD103360E}.Debug|Any CPU.ActiveCfg = Debug|Any CPU
		{508E18D0-FA5C-4D31-9E58-7F5BD103360E}.Debug|Any CPU.Build.0 = Debug|Any CPU
		{508E18D0-FA5C-4D31-9E58-7F5BD103360E}.Release|Any CPU.ActiveCfg = Release|Any CPU
		{508E18D0-FA5C-4D31-9E58-7F5BD103360E}.Release|Any CPU.Build.0 = Release|Any CPU
		{8D975B1A-224C-4999-8ABF-27417D2050AA}.Debug|Any CPU.ActiveCfg = Debug|Any CPU
		{8D975B1A-224C-4999-8ABF-27417D2050AA}.Debug|Any CPU.Build.0 = Debug|Any CPU
		{8D975B1A-224C-4999-8ABF-27417D2050AA}.Release|Any CPU.ActiveCfg = Release|Any CPU
		{8D975B1A-224C-4999-8ABF-27417D2050AA}.Release|Any CPU.Build.0 = Release|Any CPU
		{72EFA20B-AEB5-4C9A-912D-CCFDB4C88F93}.Debug|Any CPU.ActiveCfg = Debug|Any CPU
		{72EFA20B-AEB5-4C9A-912D-CCFDB4C88F93}.Debug|Any CPU.Build.0 = Debug|Any CPU
		{72EFA20B-AEB5-4C9A-912D-CCFDB4C88F93}.Release|Any CPU.ActiveCfg = Release|Any CPU
		{72EFA20B-AEB5-4C9A-912D-CCFDB4C88F93}.Release|Any CPU.Build.0 = Release|Any CPU
		{FD1BE543-C751-4976-A770-810275ED0DBD}.Debug|Any CPU.ActiveCfg = Debug|Any CPU
		{FD1BE543-C751-4976-A770-810275ED0DBD}.Debug|Any CPU.Build.0 = Debug|Any CPU
		{FD1BE543-C751-4976-A770-810275ED0DBD}.Release|Any CPU.ActiveCfg = Release|Any CPU
		{FD1BE543-C751-4976-A770-810275ED0DBD}.Release|Any CPU.Build.0 = Release|Any CPU
		{8032C432-BA7B-4E28-94D7-2C15B467149E}.Debug|Any CPU.ActiveCfg = Debug|Any CPU
		{8032C432-BA7B-4E28-94D7-2C15B467149E}.Debug|Any CPU.Build.0 = Debug|Any CPU
		{8032C432-BA7B-4E28-94D7-2C15B467149E}.Release|Any CPU.ActiveCfg = Release|Any CPU
		{8032C432-BA7B-4E28-94D7-2C15B467149E}.Release|Any CPU.Build.0 = Release|Any CPU
		{E63BDE34-5AA5-41AB-AB6F-9BA4BBD59E0D}.Debug|Any CPU.ActiveCfg = Debug|Any CPU
		{E63BDE34-5AA5-41AB-AB6F-9BA4BBD59E0D}.Debug|Any CPU.Build.0 = Debug|Any CPU
		{E63BDE34-5AA5-41AB-AB6F-9BA4BBD59E0D}.Release|Any CPU.ActiveCfg = Release|Any CPU
		{E63BDE34-5AA5-41AB-AB6F-9BA4BBD59E0D}.Release|Any CPU.Build.0 = Release|Any CPU
		{BDFD3A74-471F-4EF6-AE93-A213E2C8A34B}.Debug|Any CPU.ActiveCfg = Debug|Any CPU
		{BDFD3A74-471F-4EF6-AE93-A213E2C8A34B}.Debug|Any CPU.Build.0 = Debug|Any CPU
		{BDFD3A74-471F-4EF6-AE93-A213E2C8A34B}.Release|Any CPU.ActiveCfg = Release|Any CPU
		{BDFD3A74-471F-4EF6-AE93-A213E2C8A34B}.Release|Any CPU.Build.0 = Release|Any CPU
		{FC177850-BE6A-4584-9614-398E1B48CFA4}.Debug|Any CPU.ActiveCfg = Debug|Any CPU
		{FC177850-BE6A-4584-9614-398E1B48CFA4}.Debug|Any CPU.Build.0 = Debug|Any CPU
		{FC177850-BE6A-4584-9614-398E1B48CFA4}.Release|Any CPU.ActiveCfg = Release|Any CPU
		{FC177850-BE6A-4584-9614-398E1B48CFA4}.Release|Any CPU.Build.0 = Release|Any CPU
		{9E457B0D-48CF-458C-B8D7-A1146D72BF5E}.Debug|Any CPU.ActiveCfg = Debug|Any CPU
		{9E457B0D-48CF-458C-B8D7-A1146D72BF5E}.Debug|Any CPU.Build.0 = Debug|Any CPU
		{9E457B0D-48CF-458C-B8D7-A1146D72BF5E}.Release|Any CPU.ActiveCfg = Release|Any CPU
		{9E457B0D-48CF-458C-B8D7-A1146D72BF5E}.Release|Any CPU.Build.0 = Release|Any CPU
		{C8D34D91-545C-41D5-BAEB-AC36A969788D}.Debug|Any CPU.ActiveCfg = Debug|Any CPU
		{C8D34D91-545C-41D5-BAEB-AC36A969788D}.Debug|Any CPU.Build.0 = Debug|Any CPU
		{C8D34D91-545C-41D5-BAEB-AC36A969788D}.Release|Any CPU.ActiveCfg = Release|Any CPU
		{C8D34D91-545C-41D5-BAEB-AC36A969788D}.Release|Any CPU.Build.0 = Release|Any CPU
		{78599CD7-FD43-4D1E-AC32-DC987037287B}.Debug|Any CPU.ActiveCfg = Debug|Any CPU
		{78599CD7-FD43-4D1E-AC32-DC987037287B}.Debug|Any CPU.Build.0 = Debug|Any CPU
		{78599CD7-FD43-4D1E-AC32-DC987037287B}.Release|Any CPU.ActiveCfg = Release|Any CPU
		{78599CD7-FD43-4D1E-AC32-DC987037287B}.Release|Any CPU.Build.0 = Release|Any CPU
		{5014DD64-8577-4947-8F08-F92C91F52A46}.Debug|Any CPU.ActiveCfg = Debug|Any CPU
		{5014DD64-8577-4947-8F08-F92C91F52A46}.Debug|Any CPU.Build.0 = Debug|Any CPU
		{5014DD64-8577-4947-8F08-F92C91F52A46}.Release|Any CPU.ActiveCfg = Release|Any CPU
		{5014DD64-8577-4947-8F08-F92C91F52A46}.Release|Any CPU.Build.0 = Release|Any CPU
		{15B30A9D-793C-402B-801F-DCDF2172C6EB}.Debug|Any CPU.ActiveCfg = Debug|Any CPU
		{15B30A9D-793C-402B-801F-DCDF2172C6EB}.Debug|Any CPU.Build.0 = Debug|Any CPU
		{15B30A9D-793C-402B-801F-DCDF2172C6EB}.Release|Any CPU.ActiveCfg = Release|Any CPU
		{15B30A9D-793C-402B-801F-DCDF2172C6EB}.Release|Any CPU.Build.0 = Release|Any CPU
		{FD90089E-1745-467F-9400-14210F6C0B99}.Debug|Any CPU.ActiveCfg = Debug|Any CPU
		{FD90089E-1745-467F-9400-14210F6C0B99}.Debug|Any CPU.Build.0 = Debug|Any CPU
		{FD90089E-1745-467F-9400-14210F6C0B99}.Release|Any CPU.ActiveCfg = Release|Any CPU
		{FD90089E-1745-467F-9400-14210F6C0B99}.Release|Any CPU.Build.0 = Release|Any CPU
		{DE3413CE-0CAD-446F-92E1-BCB68A0364C4}.Debug|Any CPU.ActiveCfg = Debug|Any CPU
		{DE3413CE-0CAD-446F-92E1-BCB68A0364C4}.Debug|Any CPU.Build.0 = Debug|Any CPU
		{DE3413CE-0CAD-446F-92E1-BCB68A0364C4}.Release|Any CPU.ActiveCfg = Release|Any CPU
		{DE3413CE-0CAD-446F-92E1-BCB68A0364C4}.Release|Any CPU.Build.0 = Release|Any CPU
		{91F3DE4E-CFA0-4F4B-8BB2-B65BDF115FF2}.Debug|Any CPU.ActiveCfg = Debug|Any CPU
		{91F3DE4E-CFA0-4F4B-8BB2-B65BDF115FF2}.Debug|Any CPU.Build.0 = Debug|Any CPU
		{91F3DE4E-CFA0-4F4B-8BB2-B65BDF115FF2}.Release|Any CPU.ActiveCfg = Release|Any CPU
		{91F3DE4E-CFA0-4F4B-8BB2-B65BDF115FF2}.Release|Any CPU.Build.0 = Release|Any CPU
		{52D6C439-DBF6-46B9-99AA-332818775932}.Debug|Any CPU.ActiveCfg = Debug|Any CPU
		{52D6C439-DBF6-46B9-99AA-332818775932}.Debug|Any CPU.Build.0 = Debug|Any CPU
		{52D6C439-DBF6-46B9-99AA-332818775932}.Release|Any CPU.ActiveCfg = Release|Any CPU
		{52D6C439-DBF6-46B9-99AA-332818775932}.Release|Any CPU.Build.0 = Release|Any CPU
		{D26F1190-36FD-41FA-A830-CA2EA0FB2318}.Debug|Any CPU.ActiveCfg = Debug|Any CPU
		{D26F1190-36FD-41FA-A830-CA2EA0FB2318}.Debug|Any CPU.Build.0 = Debug|Any CPU
		{D26F1190-36FD-41FA-A830-CA2EA0FB2318}.Release|Any CPU.ActiveCfg = Release|Any CPU
		{D26F1190-36FD-41FA-A830-CA2EA0FB2318}.Release|Any CPU.Build.0 = Release|Any CPU
		{16E04CEA-1EBC-443C-B994-95BA4957222D}.Debug|Any CPU.ActiveCfg = Debug|Any CPU
		{16E04CEA-1EBC-443C-B994-95BA4957222D}.Debug|Any CPU.Build.0 = Debug|Any CPU
		{16E04CEA-1EBC-443C-B994-95BA4957222D}.Release|Any CPU.ActiveCfg = Release|Any CPU
		{16E04CEA-1EBC-443C-B994-95BA4957222D}.Release|Any CPU.Build.0 = Release|Any CPU
		{FC008552-13A5-498A-90CF-283967E9FE4D}.Debug|Any CPU.ActiveCfg = Debug|Any CPU
		{FC008552-13A5-498A-90CF-283967E9FE4D}.Debug|Any CPU.Build.0 = Debug|Any CPU
		{FC008552-13A5-498A-90CF-283967E9FE4D}.Release|Any CPU.ActiveCfg = Release|Any CPU
		{FC008552-13A5-498A-90CF-283967E9FE4D}.Release|Any CPU.Build.0 = Release|Any CPU
	EndGlobalSection
	GlobalSection(SolutionProperties) = preSolution
		HideSolutionNode = FALSE
	EndGlobalSection
	GlobalSection(NestedProjects) = preSolution
		{52D6C439-DBF6-46B9-99AA-332818775932} = {DEFC028F-5410-4817-AF4C-CAE6EE8BA947}
		{16E04CEA-1EBC-443C-B994-95BA4957222D} = {DEFC028F-5410-4817-AF4C-CAE6EE8BA947}
	EndGlobalSection
	GlobalSection(ExtensibilityGlobals) = postSolution
		SolutionGuid = {666A0556-CD3A-46A1-87F8-6B3A6EF4D2A4}
	EndGlobalSection
EndGlobal
