
Microsoft Visual Studio Solution File, Format Version 12.00
# Visual Studio Version 17
VisualStudioVersion = 17.2.32519.379
MinimumVisualStudioVersion = 10.0.40219.1
Project("{9A19103F-16F7-4668-BE54-9A1E7A4F7556}") = "L002 variables", "L002 variables\L002 variables.csproj", "{07366478-4BA9-4BB7-BED5-7FABD96864F8}"
EndProject
Project("{9A19103F-16F7-4668-BE54-9A1E7A4F7556}") = "L002 tasks", "L002 tasks\L002 tasks.csproj", "{B67E099B-0291-4AAC-B43E-BC32FE2F2EAA}"
EndProject
Project("{9A19103F-16F7-4668-BE54-9A1E7A4F7556}") = "L001 console write read", "L001 console write read\L001 console write read.csproj", "{C8E968C6-9FFB-4B27-933A-28EF9BC7549C}"
EndProject
Global
	GlobalSection(SolutionConfigurationPlatforms) = preSolution
		Debug|Any CPU = Debug|Any CPU
		Release|Any CPU = Release|Any CPU
	EndGlobalSection
	GlobalSection(ProjectConfigurationPlatforms) = postSolution
		{07366478-4BA9-4BB7-BED5-7FABD96864F8}.Debug|Any CPU.ActiveCfg = Debug|Any CPU
		{07366478-4BA9-4BB7-BED5-7FABD96864F8}.Debug|Any CPU.Build.0 = Debug|Any CPU
		{07366478-4BA9-4BB7-BED5-7FABD96864F8}.Release|Any CPU.ActiveCfg = Release|Any CPU
		{07366478-4BA9-4BB7-BED5-7FABD96864F8}.Release|Any CPU.Build.0 = Release|Any CPU
		{B67E099B-0291-4AAC-B43E-BC32FE2F2EAA}.Debug|Any CPU.ActiveCfg = Debug|Any CPU
		{B67E099B-0291-4AAC-B43E-BC32FE2F2EAA}.Debug|Any CPU.Build.0 = Debug|Any CPU
		{B67E099B-0291-4AAC-B43E-BC32FE2F2EAA}.Release|Any CPU.ActiveCfg = Release|Any CPU
		{B67E099B-0291-4AAC-B43E-BC32FE2F2EAA}.Release|Any CPU.Build.0 = Release|Any CPU
		{C8E968C6-9FFB-4B27-933A-28EF9BC7549C}.Debug|Any CPU.ActiveCfg = Debug|Any CPU
		{C8E968C6-9FFB-4B27-933A-28EF9BC7549C}.Debug|Any CPU.Build.0 = Debug|Any CPU
		{C8E968C6-9FFB-4B27-933A-28EF9BC7549C}.Release|Any CPU.ActiveCfg = Release|Any CPU
		{C8E968C6-9FFB-4B27-933A-28EF9BC7549C}.Release|Any CPU.Build.0 = Release|Any CPU
	EndGlobalSection
	GlobalSection(SolutionProperties) = preSolution
		HideSolutionNode = FALSE
	EndGlobalSection
	GlobalSection(ExtensibilityGlobals) = postSolution
		SolutionGuid = {666A0556-CD3A-46A1-87F8-6B3A6EF4D2A4}
	EndGlobalSection
EndGlobal
