
Microsoft Visual Studio Solution File, Format Version 12.00
# Visual Studio Version 17
VisualStudioVersion = 17.2.32519.379
MinimumVisualStudioVersion = 10.0.40219.1
Project("{9A19103F-16F7-4668-BE54-9A1E7A4F7556}") = "L002 variables", "L002 variables\L002 variables.csproj", "{07366478-4BA9-4BB7-BED5-7FABD96864F8}"
EndProject
Project("{9A19103F-16F7-4668-BE54-9A1E7A4F7556}") = "L002 tasks", "L002 tasks\L002 tasks.csproj", "{B67E099B-0291-4AAC-B43E-BC32FE2F2EAA}"
EndProject
Project("{9A19103F-16F7-4668-BE54-9A1E7A4F7556}") = "L001 console write read", "L001 console write read\L001 console write read.csproj", "{C8E968C6-9FFB-4B27-933A-28EF9BC7549C}"
EndProject
Project("{9A19103F-16F7-4668-BE54-9A1E7A4F7556}") = "L003 variable types", "L003 variable types\L003 variable types.csproj", "{92CB6CE3-D8F6-47CA-8D9D-B538753C0F21}"
EndProject
Project("{9A19103F-16F7-4668-BE54-9A1E7A4F7556}") = "L003 tasks", "L003 tasks\L003 tasks.csproj", "{508E18D0-FA5C-4D31-9E58-7F5BD103360E}"
EndProject
Project("{9A19103F-16F7-4668-BE54-9A1E7A4F7556}") = "L004 type conversion", "L004 type conversion\L004 type conversion.csproj", "{8D975B1A-224C-4999-8ABF-27417D2050AA}"
EndProject
Project("{9A19103F-16F7-4668-BE54-9A1E7A4F7556}") = "L004 math operations", "L004 math operations\L004 math operations.csproj", "{72EFA20B-AEB5-4C9A-912D-CCFDB4C88F93}"
EndProject
Project("{9A19103F-16F7-4668-BE54-9A1E7A4F7556}") = "L004 tasks", "L004 tasks\L004 tasks.csproj", "{FD1BE543-C751-4976-A770-810275ED0DBD}"
EndProject
Project("{9A19103F-16F7-4668-BE54-9A1E7A4F7556}") = "L005 Operators", "L005 Operators\L005 Operators.csproj", "{8032C432-BA7B-4E28-94D7-2C15B467149E}"
EndProject
Project("{9A19103F-16F7-4668-BE54-9A1E7A4F7556}") = "L005 tasks", "L005 tasks\L005 tasks.csproj", "{E63BDE34-5AA5-41AB-AB6F-9BA4BBD59E0D}"
EndProject
Project("{9A19103F-16F7-4668-BE54-9A1E7A4F7556}") = "L006 Logic", "L006 Logic\L006 Logic.csproj", "{BDFD3A74-471F-4EF6-AE93-A213E2C8A34B}"
EndProject
Project("{9A19103F-16F7-4668-BE54-9A1E7A4F7556}") = "L006 tasks", "L006 tasks\L006 tasks.csproj", "{FC177850-BE6A-4584-9614-398E1B48CFA4}"
EndProject
Project("{9A19103F-16F7-4668-BE54-9A1E7A4F7556}") = "L007 if statements", "L007 if statements\L007 if statements.csproj", "{9E457B0D-48CF-458C-B8D7-A1146D72BF5E}"
EndProject
Project("{9A19103F-16F7-4668-BE54-9A1E7A4F7556}") = "L007 tasks", "L007 tasks\L007 tasks.csproj", "{C8D34D91-545C-41D5-BAEB-AC36A969788D}"
EndProject
Project("{9A19103F-16F7-4668-BE54-9A1E7A4F7556}") = "L008 Switch", "L008 Switch\L008 Switch.csproj", "{78599CD7-FD43-4D1E-AC32-DC987037287B}"
EndProject
Project("{9A19103F-16F7-4668-BE54-9A1E7A4F7556}") = "L008 tasks", "L008 tasks\L008 tasks.csproj", "{5014DD64-8577-4947-8F08-F92C91F52A46}"
EndProject
Project("{9A19103F-16F7-4668-BE54-9A1E7A4F7556}") = "L009 String", "L009 String\L009 String.csproj", "{15B30A9D-793C-402B-801F-DCDF2172C6EB}"
EndProject
Project("{9A19103F-16F7-4668-BE54-9A1E7A4F7556}") = "L009 tasks", "L009 tasks\L009 tasks.csproj", "{FD90089E-1745-467F-9400-14210F6C0B99}"
EndProject
Project("{9A19103F-16F7-4668-BE54-9A1E7A4F7556}") = "L010 methods", "L010 methods\L010 methods.csproj", "{DE3413CE-0CAD-446F-92E1-BCB68A0364C4}"
EndProject
Project("{9A19103F-16F7-4668-BE54-9A1E7A4F7556}") = "L010 tasks", "L010 tasks\L010 tasks.csproj", "{91F3DE4E-CFA0-4F4B-8BB2-B65BDF115FF2}"
EndProject
Project("{2150E333-8FDC-42A3-9474-1A3956D46DE8}") = "Tests", "Tests", "{DEFC028F-5410-4817-AF4C-CAE6EE8BA947}"
EndProject
Project("{9A19103F-16F7-4668-BE54-9A1E7A4F7556}") = "L011_Methods_Tests", "P011_Methods_Tests\L011_Methods_Tests.csproj", "{52D6C439-DBF6-46B9-99AA-332818775932}"
EndProject
Project("{9A19103F-16F7-4668-BE54-9A1E7A4F7556}") = "L014 debug", "L014 debug\L014 debug.csproj", "{D26F1190-36FD-41FA-A830-CA2EA0FB2318}"
EndProject
Project("{9A19103F-16F7-4668-BE54-9A1E7A4F7556}") = "L015_WhileDoWhile", "L015_WhileDoWhile\L015_WhileDoWhile.csproj", "{FB27F927-3A71-43A5-B22A-3D299322CAD6}"
EndProject
Project("{9A19103F-16F7-4668-BE54-9A1E7A4F7556}") = "L014_DNR", "L014_DNR\L014_DNR.csproj", "{32712442-2964-441B-9029-9B589C1CBE8A}"
EndProject
Project("{9A19103F-16F7-4668-BE54-9A1E7A4F7556}") = "L014_DNR_Tests", "L014_DNR_Tests\L014_DNR_Tests.csproj", "{4B34C986-590A-424B-BF16-F2A7BE035B18}"
EndProject
Project("{9A19103F-16F7-4668-BE54-9A1E7A4F7556}") = "L017_For", "L017_For\L017_For.csproj", "{35D3B132-FDA1-4548-8F1B-F9B293A61293}"
EndProject
Project("{9A19103F-16F7-4668-BE54-9A1E7A4F7556}") = "L017_For_Tasks", "L017_For_Tasks\L017_For_Tasks.csproj", "{3DC9B708-AA89-4EF5-96B5-50B0B04840DA}"
EndProject
Project("{9A19103F-16F7-4668-BE54-9A1E7A4F7556}") = "L017_StringBuilder", "L017_StringBuilder\L017_StringBuilder.csproj", "{853CD7AE-83F6-47C8-9116-5B953ECE37FF}"
EndProject
Project("{9A19103F-16F7-4668-BE54-9A1E7A4F7556}") = "L018_Tasks", "L018_Tasks\L018_Tasks.csproj", "{F8DE6F2C-7AF6-441C-9A46-CB82F999535C}"
EndProject
Project("{9A19103F-16F7-4668-BE54-9A1E7A4F7556}") = "L019_Arrays", "L019_Arrays\L019_Arrays.csproj", "{61971723-12B9-4BBD-9074-6CE8A66CBF15}"
EndProject
Project("{9A19103F-16F7-4668-BE54-9A1E7A4F7556}") = "TRTL", "TRTL\TRTL.csproj", "{BBA396DA-C44A-4A25-8F53-EC6E47C78D84}"
EndProject
Project("{9A19103F-16F7-4668-BE54-9A1E7A4F7556}") = "L020_Repeating_arrays", "L020_Repeating_arrays\L020_Repeating_arrays.csproj", "{96F48D71-7F83-4242-AEF4-D818A837FA83}"
EndProject
Project("{9A19103F-16F7-4668-BE54-9A1E7A4F7556}") = "L020_Repeating_arrays_Tests", "L020_Repeating_arrays_Tests\L020_Repeating_arrays_Tests.csproj", "{48B02BC9-C58D-49D4-BCCE-75A1D155992A}"
EndProject
Project("{9A19103F-16F7-4668-BE54-9A1E7A4F7556}") = "L021_List", "L021_List\L021_List.csproj", "{D954C99F-F624-4BCD-ADFF-85150158348F}"
EndProject
Project("{9A19103F-16F7-4668-BE54-9A1E7A4F7556}") = "L021_List_Tests", "L021_List_Tests\L021_List_Tests.csproj", "{1DCF413E-3011-46CB-8120-5C5B2D322A4A}"
EndProject
Project("{9A19103F-16F7-4668-BE54-9A1E7A4F7556}") = "L022_ForEach", "L022_ForEach\L022_ForEach.csproj", "{C68C5899-BBD3-476A-92B3-A27EE60FFCFC}"
EndProject
Project("{9A19103F-16F7-4668-BE54-9A1E7A4F7556}") = "L022_ForEach_Tests", "L022_ForEach_Tests\L022_ForEach_Tests.csproj", "{188F0D7A-C13A-4DFA-9C1C-91DAD6E26798}"
EndProject
Project("{9A19103F-16F7-4668-BE54-9A1E7A4F7556}") = "L023_Dictionaries", "L023_Dictionaries\L023_Dictionaries.csproj", "{EB262DF3-9610-4D9A-9204-6386FBF0C7E6}"
EndProject
Project("{2150E333-8FDC-42A3-9474-1A3956D46DE8}") = "Exercises", "Exercises", "{A07F24A1-872E-43A7-9856-8CC7E3DA4A07}"
EndProject
Project("{9A19103F-16F7-4668-BE54-9A1E7A4F7556}") = "E020_SuperSkaiciuotuvas", "E020_SuperSkaiciuotuvas\E020_SuperSkaiciuotuvas.csproj", "{DFFD6C23-A945-4727-B771-C23B30461B8E}"
EndProject
Project("{9A19103F-16F7-4668-BE54-9A1E7A4F7556}") = "E020_SuperSkaiciuotuvas_Tests", "E020_SuperSkaiciuotuvas_Tests\E020_SuperSkaiciuotuvas_Tests.csproj", "{89BD0BF4-C0CF-46FF-8747-8868C1B63A4A}"
EndProject
Project("{9A19103F-16F7-4668-BE54-9A1E7A4F7556}") = "L024_Random", "L024_Random\L024_Random.csproj", "{382416E9-4A03-4759-B241-6767ADAEDC49}"
EndProject
Project("{9A19103F-16F7-4668-BE54-9A1E7A4F7556}") = "L025_Repeating_Basics", "L025_Repeating_Basics\L025_Repeating_Basics.csproj", "{521E8D52-3710-4EED-AB28-BD3B9FAAFA06}"
EndProject
Project("{9A19103F-16F7-4668-BE54-9A1E7A4F7556}") = "E026_Hangman", "E026_Hangman\E026_Hangman.csproj", "{9431D9A2-04D5-43EB-B889-EBD65D37183E}"
EndProject
Project("{9A19103F-16F7-4668-BE54-9A1E7A4F7556}") = "E026_Hangman_Tests", "E026_Hangman_Tests\E026_Hangman_Tests.csproj", "{893D9CA8-4805-4815-8000-9E88CB9E0B54}"
EndProject
Project("{9A19103F-16F7-4668-BE54-9A1E7A4F7556}") = "E026_Hangman2", "E026_Hangman2\E026_Hangman2.csproj", "{71D16E7F-56C7-4159-9264-41391F9FF2B5}"
EndProject
Project("{2150E333-8FDC-42A3-9474-1A3956D46DE8}") = "OOP", "OOP", "{35E87725-B4AE-42A7-BF12-043ACA57F97E}"
EndProject
Project("{9A19103F-16F7-4668-BE54-9A1E7A4F7556}") = "L029_OOP", "L029_OOP\L029_OOP.csproj", "{16CF5277-7E4C-445D-8C4D-D0047730DC58}"
EndProject
Project("{FAE04EC0-301F-11D3-BF4B-00C04F79EFBC}") = "L029_OOP_Microsoft_Tutorial", "L029_OOP_Microsoft_Tutorial\L029_OOP_Microsoft_Tutorial.csproj", "{BBA7033A-D0D9-4E8D-A278-8AD5BD42B788}"
EndProject
Project("{FAE04EC0-301F-11D3-BF4B-00C04F79EFBC}") = "L030_OOP_Composition", "L030_OOP_Composition\L030_OOP_Composition.csproj", "{A5315F00-C042-4EB9-B4B9-468EB73C8B5C}"
EndProject
Global
	GlobalSection(SolutionConfigurationPlatforms) = preSolution
		Debug|Any CPU = Debug|Any CPU
		Release|Any CPU = Release|Any CPU
	EndGlobalSection
	GlobalSection(ProjectConfigurationPlatforms) = postSolution
		{07366478-4BA9-4BB7-BED5-7FABD96864F8}.Debug|Any CPU.ActiveCfg = Debug|Any CPU
		{07366478-4BA9-4BB7-BED5-7FABD96864F8}.Debug|Any CPU.Build.0 = Debug|Any CPU
		{07366478-4BA9-4BB7-BED5-7FABD96864F8}.Release|Any CPU.ActiveCfg = Release|Any CPU
		{07366478-4BA9-4BB7-BED5-7FABD96864F8}.Release|Any CPU.Build.0 = Release|Any CPU
		{B67E099B-0291-4AAC-B43E-BC32FE2F2EAA}.Debug|Any CPU.ActiveCfg = Debug|Any CPU
		{B67E099B-0291-4AAC-B43E-BC32FE2F2EAA}.Debug|Any CPU.Build.0 = Debug|Any CPU
		{B67E099B-0291-4AAC-B43E-BC32FE2F2EAA}.Release|Any CPU.ActiveCfg = Release|Any CPU
		{B67E099B-0291-4AAC-B43E-BC32FE2F2EAA}.Release|Any CPU.Build.0 = Release|Any CPU
		{C8E968C6-9FFB-4B27-933A-28EF9BC7549C}.Debug|Any CPU.ActiveCfg = Debug|Any CPU
		{C8E968C6-9FFB-4B27-933A-28EF9BC7549C}.Debug|Any CPU.Build.0 = Debug|Any CPU
		{C8E968C6-9FFB-4B27-933A-28EF9BC7549C}.Release|Any CPU.ActiveCfg = Release|Any CPU
		{C8E968C6-9FFB-4B27-933A-28EF9BC7549C}.Release|Any CPU.Build.0 = Release|Any CPU
		{92CB6CE3-D8F6-47CA-8D9D-B538753C0F21}.Debug|Any CPU.ActiveCfg = Debug|Any CPU
		{92CB6CE3-D8F6-47CA-8D9D-B538753C0F21}.Debug|Any CPU.Build.0 = Debug|Any CPU
		{92CB6CE3-D8F6-47CA-8D9D-B538753C0F21}.Release|Any CPU.ActiveCfg = Release|Any CPU
		{92CB6CE3-D8F6-47CA-8D9D-B538753C0F21}.Release|Any CPU.Build.0 = Release|Any CPU
		{508E18D0-FA5C-4D31-9E58-7F5BD103360E}.Debug|Any CPU.ActiveCfg = Debug|Any CPU
		{508E18D0-FA5C-4D31-9E58-7F5BD103360E}.Debug|Any CPU.Build.0 = Debug|Any CPU
		{508E18D0-FA5C-4D31-9E58-7F5BD103360E}.Release|Any CPU.ActiveCfg = Release|Any CPU
		{508E18D0-FA5C-4D31-9E58-7F5BD103360E}.Release|Any CPU.Build.0 = Release|Any CPU
		{8D975B1A-224C-4999-8ABF-27417D2050AA}.Debug|Any CPU.ActiveCfg = Debug|Any CPU
		{8D975B1A-224C-4999-8ABF-27417D2050AA}.Debug|Any CPU.Build.0 = Debug|Any CPU
		{8D975B1A-224C-4999-8ABF-27417D2050AA}.Release|Any CPU.ActiveCfg = Release|Any CPU
		{8D975B1A-224C-4999-8ABF-27417D2050AA}.Release|Any CPU.Build.0 = Release|Any CPU
		{72EFA20B-AEB5-4C9A-912D-CCFDB4C88F93}.Debug|Any CPU.ActiveCfg = Debug|Any CPU
		{72EFA20B-AEB5-4C9A-912D-CCFDB4C88F93}.Debug|Any CPU.Build.0 = Debug|Any CPU
		{72EFA20B-AEB5-4C9A-912D-CCFDB4C88F93}.Release|Any CPU.ActiveCfg = Release|Any CPU
		{72EFA20B-AEB5-4C9A-912D-CCFDB4C88F93}.Release|Any CPU.Build.0 = Release|Any CPU
		{FD1BE543-C751-4976-A770-810275ED0DBD}.Debug|Any CPU.ActiveCfg = Debug|Any CPU
		{FD1BE543-C751-4976-A770-810275ED0DBD}.Debug|Any CPU.Build.0 = Debug|Any CPU
		{FD1BE543-C751-4976-A770-810275ED0DBD}.Release|Any CPU.ActiveCfg = Release|Any CPU
		{FD1BE543-C751-4976-A770-810275ED0DBD}.Release|Any CPU.Build.0 = Release|Any CPU
		{8032C432-BA7B-4E28-94D7-2C15B467149E}.Debug|Any CPU.ActiveCfg = Debug|Any CPU
		{8032C432-BA7B-4E28-94D7-2C15B467149E}.Debug|Any CPU.Build.0 = Debug|Any CPU
		{8032C432-BA7B-4E28-94D7-2C15B467149E}.Release|Any CPU.ActiveCfg = Release|Any CPU
		{8032C432-BA7B-4E28-94D7-2C15B467149E}.Release|Any CPU.Build.0 = Release|Any CPU
		{E63BDE34-5AA5-41AB-AB6F-9BA4BBD59E0D}.Debug|Any CPU.ActiveCfg = Debug|Any CPU
		{E63BDE34-5AA5-41AB-AB6F-9BA4BBD59E0D}.Debug|Any CPU.Build.0 = Debug|Any CPU
		{E63BDE34-5AA5-41AB-AB6F-9BA4BBD59E0D}.Release|Any CPU.ActiveCfg = Release|Any CPU
		{E63BDE34-5AA5-41AB-AB6F-9BA4BBD59E0D}.Release|Any CPU.Build.0 = Release|Any CPU
		{BDFD3A74-471F-4EF6-AE93-A213E2C8A34B}.Debug|Any CPU.ActiveCfg = Debug|Any CPU
		{BDFD3A74-471F-4EF6-AE93-A213E2C8A34B}.Debug|Any CPU.Build.0 = Debug|Any CPU
		{BDFD3A74-471F-4EF6-AE93-A213E2C8A34B}.Release|Any CPU.ActiveCfg = Release|Any CPU
		{BDFD3A74-471F-4EF6-AE93-A213E2C8A34B}.Release|Any CPU.Build.0 = Release|Any CPU
		{FC177850-BE6A-4584-9614-398E1B48CFA4}.Debug|Any CPU.ActiveCfg = Debug|Any CPU
		{FC177850-BE6A-4584-9614-398E1B48CFA4}.Debug|Any CPU.Build.0 = Debug|Any CPU
		{FC177850-BE6A-4584-9614-398E1B48CFA4}.Release|Any CPU.ActiveCfg = Release|Any CPU
		{FC177850-BE6A-4584-9614-398E1B48CFA4}.Release|Any CPU.Build.0 = Release|Any CPU
		{9E457B0D-48CF-458C-B8D7-A1146D72BF5E}.Debug|Any CPU.ActiveCfg = Debug|Any CPU
		{9E457B0D-48CF-458C-B8D7-A1146D72BF5E}.Debug|Any CPU.Build.0 = Debug|Any CPU
		{9E457B0D-48CF-458C-B8D7-A1146D72BF5E}.Release|Any CPU.ActiveCfg = Release|Any CPU
		{9E457B0D-48CF-458C-B8D7-A1146D72BF5E}.Release|Any CPU.Build.0 = Release|Any CPU
		{C8D34D91-545C-41D5-BAEB-AC36A969788D}.Debug|Any CPU.ActiveCfg = Debug|Any CPU
		{C8D34D91-545C-41D5-BAEB-AC36A969788D}.Debug|Any CPU.Build.0 = Debug|Any CPU
		{C8D34D91-545C-41D5-BAEB-AC36A969788D}.Release|Any CPU.ActiveCfg = Release|Any CPU
		{C8D34D91-545C-41D5-BAEB-AC36A969788D}.Release|Any CPU.Build.0 = Release|Any CPU
		{78599CD7-FD43-4D1E-AC32-DC987037287B}.Debug|Any CPU.ActiveCfg = Debug|Any CPU
		{78599CD7-FD43-4D1E-AC32-DC987037287B}.Debug|Any CPU.Build.0 = Debug|Any CPU
		{78599CD7-FD43-4D1E-AC32-DC987037287B}.Release|Any CPU.ActiveCfg = Release|Any CPU
		{78599CD7-FD43-4D1E-AC32-DC987037287B}.Release|Any CPU.Build.0 = Release|Any CPU
		{5014DD64-8577-4947-8F08-F92C91F52A46}.Debug|Any CPU.ActiveCfg = Debug|Any CPU
		{5014DD64-8577-4947-8F08-F92C91F52A46}.Debug|Any CPU.Build.0 = Debug|Any CPU
		{5014DD64-8577-4947-8F08-F92C91F52A46}.Release|Any CPU.ActiveCfg = Release|Any CPU
		{5014DD64-8577-4947-8F08-F92C91F52A46}.Release|Any CPU.Build.0 = Release|Any CPU
		{15B30A9D-793C-402B-801F-DCDF2172C6EB}.Debug|Any CPU.ActiveCfg = Debug|Any CPU
		{15B30A9D-793C-402B-801F-DCDF2172C6EB}.Debug|Any CPU.Build.0 = Debug|Any CPU
		{15B30A9D-793C-402B-801F-DCDF2172C6EB}.Release|Any CPU.ActiveCfg = Release|Any CPU
		{15B30A9D-793C-402B-801F-DCDF2172C6EB}.Release|Any CPU.Build.0 = Release|Any CPU
		{FD90089E-1745-467F-9400-14210F6C0B99}.Debug|Any CPU.ActiveCfg = Debug|Any CPU
		{FD90089E-1745-467F-9400-14210F6C0B99}.Debug|Any CPU.Build.0 = Debug|Any CPU
		{FD90089E-1745-467F-9400-14210F6C0B99}.Release|Any CPU.ActiveCfg = Release|Any CPU
		{FD90089E-1745-467F-9400-14210F6C0B99}.Release|Any CPU.Build.0 = Release|Any CPU
		{DE3413CE-0CAD-446F-92E1-BCB68A0364C4}.Debug|Any CPU.ActiveCfg = Debug|Any CPU
		{DE3413CE-0CAD-446F-92E1-BCB68A0364C4}.Debug|Any CPU.Build.0 = Debug|Any CPU
		{DE3413CE-0CAD-446F-92E1-BCB68A0364C4}.Release|Any CPU.ActiveCfg = Release|Any CPU
		{DE3413CE-0CAD-446F-92E1-BCB68A0364C4}.Release|Any CPU.Build.0 = Release|Any CPU
		{91F3DE4E-CFA0-4F4B-8BB2-B65BDF115FF2}.Debug|Any CPU.ActiveCfg = Debug|Any CPU
		{91F3DE4E-CFA0-4F4B-8BB2-B65BDF115FF2}.Debug|Any CPU.Build.0 = Debug|Any CPU
		{91F3DE4E-CFA0-4F4B-8BB2-B65BDF115FF2}.Release|Any CPU.ActiveCfg = Release|Any CPU
		{91F3DE4E-CFA0-4F4B-8BB2-B65BDF115FF2}.Release|Any CPU.Build.0 = Release|Any CPU
		{52D6C439-DBF6-46B9-99AA-332818775932}.Debug|Any CPU.ActiveCfg = Debug|Any CPU
		{52D6C439-DBF6-46B9-99AA-332818775932}.Debug|Any CPU.Build.0 = Debug|Any CPU
		{52D6C439-DBF6-46B9-99AA-332818775932}.Release|Any CPU.ActiveCfg = Release|Any CPU
		{52D6C439-DBF6-46B9-99AA-332818775932}.Release|Any CPU.Build.0 = Release|Any CPU
		{D26F1190-36FD-41FA-A830-CA2EA0FB2318}.Debug|Any CPU.ActiveCfg = Debug|Any CPU
		{D26F1190-36FD-41FA-A830-CA2EA0FB2318}.Debug|Any CPU.Build.0 = Debug|Any CPU
		{D26F1190-36FD-41FA-A830-CA2EA0FB2318}.Release|Any CPU.ActiveCfg = Release|Any CPU
		{D26F1190-36FD-41FA-A830-CA2EA0FB2318}.Release|Any CPU.Build.0 = Release|Any CPU
		{FB27F927-3A71-43A5-B22A-3D299322CAD6}.Debug|Any CPU.ActiveCfg = Debug|Any CPU
		{FB27F927-3A71-43A5-B22A-3D299322CAD6}.Debug|Any CPU.Build.0 = Debug|Any CPU
		{FB27F927-3A71-43A5-B22A-3D299322CAD6}.Release|Any CPU.ActiveCfg = Release|Any CPU
		{FB27F927-3A71-43A5-B22A-3D299322CAD6}.Release|Any CPU.Build.0 = Release|Any CPU
		{32712442-2964-441B-9029-9B589C1CBE8A}.Debug|Any CPU.ActiveCfg = Debug|Any CPU
		{32712442-2964-441B-9029-9B589C1CBE8A}.Debug|Any CPU.Build.0 = Debug|Any CPU
		{32712442-2964-441B-9029-9B589C1CBE8A}.Release|Any CPU.ActiveCfg = Release|Any CPU
		{32712442-2964-441B-9029-9B589C1CBE8A}.Release|Any CPU.Build.0 = Release|Any CPU
		{4B34C986-590A-424B-BF16-F2A7BE035B18}.Debug|Any CPU.ActiveCfg = Debug|Any CPU
		{4B34C986-590A-424B-BF16-F2A7BE035B18}.Debug|Any CPU.Build.0 = Debug|Any CPU
		{4B34C986-590A-424B-BF16-F2A7BE035B18}.Release|Any CPU.ActiveCfg = Release|Any CPU
		{4B34C986-590A-424B-BF16-F2A7BE035B18}.Release|Any CPU.Build.0 = Release|Any CPU
		{35D3B132-FDA1-4548-8F1B-F9B293A61293}.Debug|Any CPU.ActiveCfg = Debug|Any CPU
		{35D3B132-FDA1-4548-8F1B-F9B293A61293}.Debug|Any CPU.Build.0 = Debug|Any CPU
		{35D3B132-FDA1-4548-8F1B-F9B293A61293}.Release|Any CPU.ActiveCfg = Release|Any CPU
		{35D3B132-FDA1-4548-8F1B-F9B293A61293}.Release|Any CPU.Build.0 = Release|Any CPU
		{3DC9B708-AA89-4EF5-96B5-50B0B04840DA}.Debug|Any CPU.ActiveCfg = Debug|Any CPU
		{3DC9B708-AA89-4EF5-96B5-50B0B04840DA}.Debug|Any CPU.Build.0 = Debug|Any CPU
		{3DC9B708-AA89-4EF5-96B5-50B0B04840DA}.Release|Any CPU.ActiveCfg = Release|Any CPU
		{3DC9B708-AA89-4EF5-96B5-50B0B04840DA}.Release|Any CPU.Build.0 = Release|Any CPU
		{853CD7AE-83F6-47C8-9116-5B953ECE37FF}.Debug|Any CPU.ActiveCfg = Debug|Any CPU
		{853CD7AE-83F6-47C8-9116-5B953ECE37FF}.Debug|Any CPU.Build.0 = Debug|Any CPU
		{853CD7AE-83F6-47C8-9116-5B953ECE37FF}.Release|Any CPU.ActiveCfg = Release|Any CPU
		{853CD7AE-83F6-47C8-9116-5B953ECE37FF}.Release|Any CPU.Build.0 = Release|Any CPU
		{F8DE6F2C-7AF6-441C-9A46-CB82F999535C}.Debug|Any CPU.ActiveCfg = Debug|Any CPU
		{F8DE6F2C-7AF6-441C-9A46-CB82F999535C}.Debug|Any CPU.Build.0 = Debug|Any CPU
		{F8DE6F2C-7AF6-441C-9A46-CB82F999535C}.Release|Any CPU.ActiveCfg = Release|Any CPU
		{F8DE6F2C-7AF6-441C-9A46-CB82F999535C}.Release|Any CPU.Build.0 = Release|Any CPU
		{61971723-12B9-4BBD-9074-6CE8A66CBF15}.Debug|Any CPU.ActiveCfg = Debug|Any CPU
		{61971723-12B9-4BBD-9074-6CE8A66CBF15}.Debug|Any CPU.Build.0 = Debug|Any CPU
		{61971723-12B9-4BBD-9074-6CE8A66CBF15}.Release|Any CPU.ActiveCfg = Release|Any CPU
		{61971723-12B9-4BBD-9074-6CE8A66CBF15}.Release|Any CPU.Build.0 = Release|Any CPU
		{BBA396DA-C44A-4A25-8F53-EC6E47C78D84}.Debug|Any CPU.ActiveCfg = Debug|Any CPU
		{BBA396DA-C44A-4A25-8F53-EC6E47C78D84}.Debug|Any CPU.Build.0 = Debug|Any CPU
		{BBA396DA-C44A-4A25-8F53-EC6E47C78D84}.Release|Any CPU.ActiveCfg = Release|Any CPU
		{BBA396DA-C44A-4A25-8F53-EC6E47C78D84}.Release|Any CPU.Build.0 = Release|Any CPU
		{96F48D71-7F83-4242-AEF4-D818A837FA83}.Debug|Any CPU.ActiveCfg = Debug|Any CPU
		{96F48D71-7F83-4242-AEF4-D818A837FA83}.Debug|Any CPU.Build.0 = Debug|Any CPU
		{96F48D71-7F83-4242-AEF4-D818A837FA83}.Release|Any CPU.ActiveCfg = Release|Any CPU
		{96F48D71-7F83-4242-AEF4-D818A837FA83}.Release|Any CPU.Build.0 = Release|Any CPU
		{48B02BC9-C58D-49D4-BCCE-75A1D155992A}.Debug|Any CPU.ActiveCfg = Debug|Any CPU
		{48B02BC9-C58D-49D4-BCCE-75A1D155992A}.Debug|Any CPU.Build.0 = Debug|Any CPU
		{48B02BC9-C58D-49D4-BCCE-75A1D155992A}.Release|Any CPU.ActiveCfg = Release|Any CPU
		{48B02BC9-C58D-49D4-BCCE-75A1D155992A}.Release|Any CPU.Build.0 = Release|Any CPU
		{D954C99F-F624-4BCD-ADFF-85150158348F}.Debug|Any CPU.ActiveCfg = Debug|Any CPU
		{D954C99F-F624-4BCD-ADFF-85150158348F}.Debug|Any CPU.Build.0 = Debug|Any CPU
		{D954C99F-F624-4BCD-ADFF-85150158348F}.Release|Any CPU.ActiveCfg = Release|Any CPU
		{D954C99F-F624-4BCD-ADFF-85150158348F}.Release|Any CPU.Build.0 = Release|Any CPU
		{1DCF413E-3011-46CB-8120-5C5B2D322A4A}.Debug|Any CPU.ActiveCfg = Debug|Any CPU
		{1DCF413E-3011-46CB-8120-5C5B2D322A4A}.Debug|Any CPU.Build.0 = Debug|Any CPU
		{1DCF413E-3011-46CB-8120-5C5B2D322A4A}.Release|Any CPU.ActiveCfg = Release|Any CPU
		{1DCF413E-3011-46CB-8120-5C5B2D322A4A}.Release|Any CPU.Build.0 = Release|Any CPU
		{C68C5899-BBD3-476A-92B3-A27EE60FFCFC}.Debug|Any CPU.ActiveCfg = Debug|Any CPU
		{C68C5899-BBD3-476A-92B3-A27EE60FFCFC}.Debug|Any CPU.Build.0 = Debug|Any CPU
		{C68C5899-BBD3-476A-92B3-A27EE60FFCFC}.Release|Any CPU.ActiveCfg = Release|Any CPU
		{C68C5899-BBD3-476A-92B3-A27EE60FFCFC}.Release|Any CPU.Build.0 = Release|Any CPU
		{188F0D7A-C13A-4DFA-9C1C-91DAD6E26798}.Debug|Any CPU.ActiveCfg = Debug|Any CPU
		{188F0D7A-C13A-4DFA-9C1C-91DAD6E26798}.Debug|Any CPU.Build.0 = Debug|Any CPU
		{188F0D7A-C13A-4DFA-9C1C-91DAD6E26798}.Release|Any CPU.ActiveCfg = Release|Any CPU
		{188F0D7A-C13A-4DFA-9C1C-91DAD6E26798}.Release|Any CPU.Build.0 = Release|Any CPU
		{EB262DF3-9610-4D9A-9204-6386FBF0C7E6}.Debug|Any CPU.ActiveCfg = Debug|Any CPU
		{EB262DF3-9610-4D9A-9204-6386FBF0C7E6}.Debug|Any CPU.Build.0 = Debug|Any CPU
		{EB262DF3-9610-4D9A-9204-6386FBF0C7E6}.Release|Any CPU.ActiveCfg = Release|Any CPU
		{EB262DF3-9610-4D9A-9204-6386FBF0C7E6}.Release|Any CPU.Build.0 = Release|Any CPU
		{DFFD6C23-A945-4727-B771-C23B30461B8E}.Debug|Any CPU.ActiveCfg = Debug|Any CPU
		{DFFD6C23-A945-4727-B771-C23B30461B8E}.Debug|Any CPU.Build.0 = Debug|Any CPU
		{DFFD6C23-A945-4727-B771-C23B30461B8E}.Release|Any CPU.ActiveCfg = Release|Any CPU
		{DFFD6C23-A945-4727-B771-C23B30461B8E}.Release|Any CPU.Build.0 = Release|Any CPU
		{89BD0BF4-C0CF-46FF-8747-8868C1B63A4A}.Debug|Any CPU.ActiveCfg = Debug|Any CPU
		{89BD0BF4-C0CF-46FF-8747-8868C1B63A4A}.Debug|Any CPU.Build.0 = Debug|Any CPU
		{89BD0BF4-C0CF-46FF-8747-8868C1B63A4A}.Release|Any CPU.ActiveCfg = Release|Any CPU
		{89BD0BF4-C0CF-46FF-8747-8868C1B63A4A}.Release|Any CPU.Build.0 = Release|Any CPU
		{382416E9-4A03-4759-B241-6767ADAEDC49}.Debug|Any CPU.ActiveCfg = Debug|Any CPU
		{382416E9-4A03-4759-B241-6767ADAEDC49}.Debug|Any CPU.Build.0 = Debug|Any CPU
		{382416E9-4A03-4759-B241-6767ADAEDC49}.Release|Any CPU.ActiveCfg = Release|Any CPU
		{382416E9-4A03-4759-B241-6767ADAEDC49}.Release|Any CPU.Build.0 = Release|Any CPU
		{521E8D52-3710-4EED-AB28-BD3B9FAAFA06}.Debug|Any CPU.ActiveCfg = Debug|Any CPU
		{521E8D52-3710-4EED-AB28-BD3B9FAAFA06}.Debug|Any CPU.Build.0 = Debug|Any CPU
		{521E8D52-3710-4EED-AB28-BD3B9FAAFA06}.Release|Any CPU.ActiveCfg = Release|Any CPU
		{521E8D52-3710-4EED-AB28-BD3B9FAAFA06}.Release|Any CPU.Build.0 = Release|Any CPU
		{9431D9A2-04D5-43EB-B889-EBD65D37183E}.Debug|Any CPU.ActiveCfg = Debug|Any CPU
		{9431D9A2-04D5-43EB-B889-EBD65D37183E}.Debug|Any CPU.Build.0 = Debug|Any CPU
		{9431D9A2-04D5-43EB-B889-EBD65D37183E}.Release|Any CPU.ActiveCfg = Release|Any CPU
		{9431D9A2-04D5-43EB-B889-EBD65D37183E}.Release|Any CPU.Build.0 = Release|Any CPU
		{893D9CA8-4805-4815-8000-9E88CB9E0B54}.Debug|Any CPU.ActiveCfg = Debug|Any CPU
		{893D9CA8-4805-4815-8000-9E88CB9E0B54}.Debug|Any CPU.Build.0 = Debug|Any CPU
		{893D9CA8-4805-4815-8000-9E88CB9E0B54}.Release|Any CPU.ActiveCfg = Release|Any CPU
		{893D9CA8-4805-4815-8000-9E88CB9E0B54}.Release|Any CPU.Build.0 = Release|Any CPU
		{71D16E7F-56C7-4159-9264-41391F9FF2B5}.Debug|Any CPU.ActiveCfg = Debug|Any CPU
		{71D16E7F-56C7-4159-9264-41391F9FF2B5}.Debug|Any CPU.Build.0 = Debug|Any CPU
		{71D16E7F-56C7-4159-9264-41391F9FF2B5}.Release|Any CPU.ActiveCfg = Release|Any CPU
		{71D16E7F-56C7-4159-9264-41391F9FF2B5}.Release|Any CPU.Build.0 = Release|Any CPU
		{16CF5277-7E4C-445D-8C4D-D0047730DC58}.Debug|Any CPU.ActiveCfg = Debug|Any CPU
		{16CF5277-7E4C-445D-8C4D-D0047730DC58}.Debug|Any CPU.Build.0 = Debug|Any CPU
		{16CF5277-7E4C-445D-8C4D-D0047730DC58}.Release|Any CPU.ActiveCfg = Release|Any CPU
		{16CF5277-7E4C-445D-8C4D-D0047730DC58}.Release|Any CPU.Build.0 = Release|Any CPU
		{BBA7033A-D0D9-4E8D-A278-8AD5BD42B788}.Debug|Any CPU.ActiveCfg = Debug|Any CPU
		{BBA7033A-D0D9-4E8D-A278-8AD5BD42B788}.Debug|Any CPU.Build.0 = Debug|Any CPU
		{BBA7033A-D0D9-4E8D-A278-8AD5BD42B788}.Release|Any CPU.ActiveCfg = Release|Any CPU
		{BBA7033A-D0D9-4E8D-A278-8AD5BD42B788}.Release|Any CPU.Build.0 = Release|Any CPU
		{A5315F00-C042-4EB9-B4B9-468EB73C8B5C}.Debug|Any CPU.ActiveCfg = Debug|Any CPU
		{A5315F00-C042-4EB9-B4B9-468EB73C8B5C}.Debug|Any CPU.Build.0 = Debug|Any CPU
		{A5315F00-C042-4EB9-B4B9-468EB73C8B5C}.Release|Any CPU.ActiveCfg = Release|Any CPU
		{A5315F00-C042-4EB9-B4B9-468EB73C8B5C}.Release|Any CPU.Build.0 = Release|Any CPU
	EndGlobalSection
	GlobalSection(SolutionProperties) = preSolution
		HideSolutionNode = FALSE
	EndGlobalSection
	GlobalSection(NestedProjects) = preSolution
		{52D6C439-DBF6-46B9-99AA-332818775932} = {DEFC028F-5410-4817-AF4C-CAE6EE8BA947}
		{4B34C986-590A-424B-BF16-F2A7BE035B18} = {DEFC028F-5410-4817-AF4C-CAE6EE8BA947}
		{48B02BC9-C58D-49D4-BCCE-75A1D155992A} = {DEFC028F-5410-4817-AF4C-CAE6EE8BA947}
		{1DCF413E-3011-46CB-8120-5C5B2D322A4A} = {DEFC028F-5410-4817-AF4C-CAE6EE8BA947}
		{188F0D7A-C13A-4DFA-9C1C-91DAD6E26798} = {DEFC028F-5410-4817-AF4C-CAE6EE8BA947}
		{DFFD6C23-A945-4727-B771-C23B30461B8E} = {A07F24A1-872E-43A7-9856-8CC7E3DA4A07}
		{89BD0BF4-C0CF-46FF-8747-8868C1B63A4A} = {A07F24A1-872E-43A7-9856-8CC7E3DA4A07}
		{9431D9A2-04D5-43EB-B889-EBD65D37183E} = {A07F24A1-872E-43A7-9856-8CC7E3DA4A07}
		{893D9CA8-4805-4815-8000-9E88CB9E0B54} = {A07F24A1-872E-43A7-9856-8CC7E3DA4A07}
		{71D16E7F-56C7-4159-9264-41391F9FF2B5} = {A07F24A1-872E-43A7-9856-8CC7E3DA4A07}
		{16CF5277-7E4C-445D-8C4D-D0047730DC58} = {35E87725-B4AE-42A7-BF12-043ACA57F97E}
		{BBA7033A-D0D9-4E8D-A278-8AD5BD42B788} = {35E87725-B4AE-42A7-BF12-043ACA57F97E}
		{A5315F00-C042-4EB9-B4B9-468EB73C8B5C} = {35E87725-B4AE-42A7-BF12-043ACA57F97E}
	EndGlobalSection
	GlobalSection(ExtensibilityGlobals) = postSolution
		SolutionGuid = {666A0556-CD3A-46A1-87F8-6B3A6EF4D2A4}
	EndGlobalSection
EndGlobal
